<?xml version="1.0" encoding="utf-8"?>
<Project ToolsVersion="4.0" xmlns="http://schemas.microsoft.com/developer/msbuild/2003">
  <ItemGroup>
    <ClInclude Include="geometry.h" />
    <ClInclude Include="types.h" />
    <ClInclude Include="Angle.h" />
    <ClInclude Include="AngleF.h" />
    <ClInclude Include="planimetry\Converter2F.h">
      <Filter>planimetry</Filter>
    </ClInclude>
    <ClInclude Include="planimetry\Matrix2x2F.h">
      <Filter>planimetry</Filter>
    </ClInclude>
    <ClInclude Include="planimetry\Triangle2F.h">
      <Filter>planimetry</Filter>
    </ClInclude>
    <ClInclude Include="planimetry\Vector2.h">
      <Filter>planimetry</Filter>
    </ClInclude>
    <ClInclude Include="planimetry\Vector2F.h">
      <Filter>planimetry</Filter>
    </ClInclude>
    <ClInclude Include="constants.h" />
    <ClInclude Include="stereometry\Converter3F.h">
      <Filter>stereometry</Filter>
    </ClInclude>
    <ClInclude Include="stereometry\Matrix3x3F.h">
      <Filter>stereometry</Filter>
    </ClInclude>
    <ClInclude Include="stereometry\Vector3F.h">
      <Filter>stereometry</Filter>
    </ClInclude>
  </ItemGroup>
  <ItemGroup>
    <ClCompile Include="Angle.cpp" />
    <ClCompile Include="AngleF.cpp" />
    <ClCompile Include="planimetry\Converter2F.cpp">
      <Filter>planimetry</Filter>
    </ClCompile>
    <ClCompile Include="planimetry\Matrix2x2F.cpp">
      <Filter>planimetry</Filter>
    </ClCompile>
    <ClCompile Include="planimetry\Triangle2F.cpp">
      <Filter>planimetry</Filter>
    </ClCompile>
    <ClCompile Include="planimetry\Vector2.cpp">
      <Filter>planimetry</Filter>
    </ClCompile>
    <ClCompile Include="planimetry\Vector2F.cpp">
      <Filter>planimetry</Filter>
    </ClCompile>
    <ClCompile Include="constants.cpp" />
    <ClCompile Include="stereometry\Converter3F.cpp">
      <Filter>stereometry</Filter>
    </ClCompile>
    <ClCompile Include="stereometry\Matrix3x3F.cpp">
      <Filter>stereometry</Filter>
    </ClCompile>
    <ClCompile Include="stereometry\Vector3F.cpp">
      <Filter>stereometry</Filter>
    </ClCompile>
  </ItemGroup>
  <ItemGroup>
    <Filter Include="planimetry">
      <UniqueIdentifier>{bb1e46b5-ebb1-4148-92af-51a3ca3b38f8}</UniqueIdentifier>
    </Filter>
    <Filter Include="stereometry">
      <UniqueIdentifier>{1e38798a-2322-47b0-8127-6aa1dd20ab9a}</UniqueIdentifier>
    </Filter>
  </ItemGroup>
</Project>